
Microsoft Visual Studio Solution File, Format Version 12.00
# Visual Studio 15
VisualStudioVersion = 15.0.26228.9
MinimumVisualStudioVersion = 10.0.40219.1
Project("{FAE04EC0-301F-11D3-BF4B-00C04F79EFBC}") = "BackEnd", "BackEnd\BackEnd.csproj", "{0A026453-9AD4-4FC5-9774-C92ECE9D44BE}"
EndProject
Project("{FAE04EC0-301F-11D3-BF4B-00C04F79EFBC}") = "BackEnd.Tests", "BackEnd.Tests\BackEnd.Tests.csproj", "{A136D349-3B22-4BF6-9F90-415A7B51BB7F}"
EndProject
Project("{2150E333-8FDC-42A3-9474-1A3956D46DE8}") = "BackEndClient", "BackEndClient", "{E205699E-9758-4A07-8CDE-8C172095EB0D}"
EndProject
Project("{FAE04EC0-301F-11D3-BF4B-00C04F79EFBC}") = "BackEnd.Client", "BackEnd.Client\BackEnd.Client.csproj", "{6D2D8BBB-E6DC-4709-867C-F86D806CA2F5}"
EndProject
Project("{2150E333-8FDC-42A3-9474-1A3956D46DE8}") = "BackEndWebService", "BackEndWebService", "{8981DCE9-B6F2-4274-A814-537F143308D1}"
EndProject
Project("{2150E333-8FDC-42A3-9474-1A3956D46DE8}") = "FrontEnd", "FrontEnd", "{BE500178-E483-460B-8C46-6C6DFADA0A7D}"
EndProject
Project("{FAE04EC0-301F-11D3-BF4B-00C04F79EFBC}") = "ConsoleApp1", "ConsoleApp1\ConsoleApp1.csproj", "{5BCAD31C-69E0-4744-8FC8-69CE9A3D823E}"
EndProject
Project("{2150E333-8FDC-42A3-9474-1A3956D46DE8}") = "Tools", "Tools", "{B7804711-1B7A-4739-8967-3A12E11103EC}"
EndProject
Project("{2150E333-8FDC-42A3-9474-1A3956D46DE8}") = "Scripts", "Scripts", "{54165B51-C937-4983-9512-2386017D07A9}"
	ProjectSection(SolutionItems) = preProject
		Tools\Scripts\Nuget.Pack.ps1 = Tools\Scripts\Nuget.Pack.ps1
	EndProjectSection
EndProject
Global
	GlobalSection(SolutionConfigurationPlatforms) = preSolution
		Debug|Any CPU = Debug|Any CPU
		Debug|x64 = Debug|x64
		Release|Any CPU = Release|Any CPU
		Release|x64 = Release|x64
	EndGlobalSection
	GlobalSection(ProjectConfigurationPlatforms) = postSolution
		{0A026453-9AD4-4FC5-9774-C92ECE9D44BE}.Debug|Any CPU.ActiveCfg = Debug|Any CPU
		{0A026453-9AD4-4FC5-9774-C92ECE9D44BE}.Debug|Any CPU.Build.0 = Debug|Any CPU
		{0A026453-9AD4-4FC5-9774-C92ECE9D44BE}.Debug|x64.ActiveCfg = Debug|x64
		{0A026453-9AD4-4FC5-9774-C92ECE9D44BE}.Debug|x64.Build.0 = Debug|x64
		{0A026453-9AD4-4FC5-9774-C92ECE9D44BE}.Release|Any CPU.ActiveCfg = Release|Any CPU
		{0A026453-9AD4-4FC5-9774-C92ECE9D44BE}.Release|Any CPU.Build.0 = Release|Any CPU
		{0A026453-9AD4-4FC5-9774-C92ECE9D44BE}.Release|x64.ActiveCfg = Release|x64
		{0A026453-9AD4-4FC5-9774-C92ECE9D44BE}.Release|x64.Build.0 = Release|x64
		{A136D349-3B22-4BF6-9F90-415A7B51BB7F}.Debug|Any CPU.ActiveCfg = Debug|Any CPU
		{A136D349-3B22-4BF6-9F90-415A7B51BB7F}.Debug|Any CPU.Build.0 = Debug|Any CPU
		{A136D349-3B22-4BF6-9F90-415A7B51BB7F}.Debug|x64.ActiveCfg = Debug|x64
		{A136D349-3B22-4BF6-9F90-415A7B51BB7F}.Debug|x64.Build.0 = Debug|x64
		{A136D349-3B22-4BF6-9F90-415A7B51BB7F}.Release|Any CPU.ActiveCfg = Release|Any CPU
		{A136D349-3B22-4BF6-9F90-415A7B51BB7F}.Release|Any CPU.Build.0 = Release|Any CPU
		{A136D349-3B22-4BF6-9F90-415A7B51BB7F}.Release|x64.ActiveCfg = Release|x64
		{A136D349-3B22-4BF6-9F90-415A7B51BB7F}.Release|x64.Build.0 = Release|x64
		{6D2D8BBB-E6DC-4709-867C-F86D806CA2F5}.Debug|Any CPU.ActiveCfg = Debug|Any CPU
		{6D2D8BBB-E6DC-4709-867C-F86D806CA2F5}.Debug|Any CPU.Build.0 = Debug|Any CPU
		{6D2D8BBB-E6DC-4709-867C-F86D806CA2F5}.Debug|x64.ActiveCfg = Debug|Any CPU
		{6D2D8BBB-E6DC-4709-867C-F86D806CA2F5}.Debug|x64.Build.0 = Debug|Any CPU
		{6D2D8BBB-E6DC-4709-867C-F86D806CA2F5}.Release|Any CPU.ActiveCfg = Release|Any CPU
		{6D2D8BBB-E6DC-4709-867C-F86D806CA2F5}.Release|Any CPU.Build.0 = Release|Any CPU
		{6D2D8BBB-E6DC-4709-867C-F86D806CA2F5}.Release|x64.ActiveCfg = Release|Any CPU
		{6D2D8BBB-E6DC-4709-867C-F86D806CA2F5}.Release|x64.Build.0 = Release|Any CPU
		{5BCAD31C-69E0-4744-8FC8-69CE9A3D823E}.Debug|Any CPU.ActiveCfg = Debug|Any CPU
		{5BCAD31C-69E0-4744-8FC8-69CE9A3D823E}.Debug|Any CPU.Build.0 = Debug|Any CPU
		{5BCAD31C-69E0-4744-8FC8-69CE9A3D823E}.Debug|x64.ActiveCfg = Debug|Any CPU
		{5BCAD31C-69E0-4744-8FC8-69CE9A3D823E}.Debug|x64.Build.0 = Debug|Any CPU
		{5BCAD31C-69E0-4744-8FC8-69CE9A3D823E}.Release|Any CPU.ActiveCfg = Release|Any CPU
		{5BCAD31C-69E0-4744-8FC8-69CE9A3D823E}.Release|Any CPU.Build.0 = Release|Any CPU
		{5BCAD31C-69E0-4744-8FC8-69CE9A3D823E}.Release|x64.ActiveCfg = Release|Any CPU
		{5BCAD31C-69E0-4744-8FC8-69CE9A3D823E}.Release|x64.Build.0 = Release|Any CPU
	EndGlobalSection
	GlobalSection(SolutionProperties) = preSolution
		HideSolutionNode = FALSE
	EndGlobalSection
	GlobalSection(NestedProjects) = preSolution
		{0A026453-9AD4-4FC5-9774-C92ECE9D44BE} = {8981DCE9-B6F2-4274-A814-537F143308D1}
		{A136D349-3B22-4BF6-9F90-415A7B51BB7F} = {8981DCE9-B6F2-4274-A814-537F143308D1}
		{6D2D8BBB-E6DC-4709-867C-F86D806CA2F5} = {E205699E-9758-4A07-8CDE-8C172095EB0D}
		{5BCAD31C-69E0-4744-8FC8-69CE9A3D823E} = {BE500178-E483-460B-8C46-6C6DFADA0A7D}
		{54165B51-C937-4983-9512-2386017D07A9} = {B7804711-1B7A-4739-8967-3A12E11103EC}
	EndGlobalSection
EndGlobal
